
Microsoft Visual Studio Solution File, Format Version 12.00
Project("{FAE04EC0-301F-11D3-BF4B-00C04F79EFBC}") = "Lenden.Web", "Lenden.Web\Lenden.Web.csproj", "{9FA44932-FE16-47A4-B067-AAD3B148422D}"
EndProject
Project("{FAE04EC0-301F-11D3-BF4B-00C04F79EFBC}") = "Lenden.Data", "Lenden.Data\Lenden.Data.csproj", "{5A604038-3B9A-48E8-82DD-C5032339097D}"
EndProject
Project("{FAE04EC0-301F-11D3-BF4B-00C04F79EFBC}") = "Lenden.Core", "Lenden.Core\Lenden.Core.csproj", "{EE49C180-75DF-45FA-B370-273A46C38146}"
EndProject
Project("{FAE04EC0-301F-11D3-BF4B-00C04F79EFBC}") = "Lenden.Domain", "Lenden.Domain\Lenden.Domain.csproj", "{77ECEC62-38D3-46F9-947C-57F5994836B4}"
EndProject
Project("{FAE04EC0-301F-11D3-BF4B-00C04F79EFBC}") = "Lenden.Infrastructure", "Lenden.Infrastructure\Lenden.Infrastructure.csproj", "{315A73B8-FB66-4992-808A-A8278EFC7A9B}"
EndProject
Project("{FAE04EC0-301F-11D3-BF4B-00C04F79EFBC}") = "Lenden.Presentation", "Lenden.Presentation\Lenden.Presentation.csproj", "{787326ED-A646-43DF-84EB-FFCBB9E33729}"
EndProject
Global
	GlobalSection(SolutionConfigurationPlatforms) = preSolution
		Debug|Any CPU = Debug|Any CPU
		Release|Any CPU = Release|Any CPU
	EndGlobalSection
	GlobalSection(ProjectConfigurationPlatforms) = postSolution
		{9FA44932-FE16-47A4-B067-AAD3B148422D}.Debug|Any CPU.ActiveCfg = Debug|Any CPU
		{9FA44932-FE16-47A4-B067-AAD3B148422D}.Debug|Any CPU.Build.0 = Debug|Any CPU
		{9FA44932-FE16-47A4-B067-AAD3B148422D}.Release|Any CPU.ActiveCfg = Release|Any CPU
		{9FA44932-FE16-47A4-B067-AAD3B148422D}.Release|Any CPU.Build.0 = Release|Any CPU
		{5A604038-3B9A-48E8-82DD-C5032339097D}.Debug|Any CPU.ActiveCfg = Debug|Any CPU
		{5A604038-3B9A-48E8-82DD-C5032339097D}.Debug|Any CPU.Build.0 = Debug|Any CPU
		{5A604038-3B9A-48E8-82DD-C5032339097D}.Release|Any CPU.ActiveCfg = Release|Any CPU
		{5A604038-3B9A-48E8-82DD-C5032339097D}.Release|Any CPU.Build.0 = Release|Any CPU
		{EE49C180-75DF-45FA-B370-273A46C38146}.Debug|Any CPU.ActiveCfg = Debug|Any CPU
		{EE49C180-75DF-45FA-B370-273A46C38146}.Debug|Any CPU.Build.0 = Debug|Any CPU
		{EE49C180-75DF-45FA-B370-273A46C38146}.Release|Any CPU.ActiveCfg = Release|Any CPU
		{EE49C180-75DF-45FA-B370-273A46C38146}.Release|Any CPU.Build.0 = Release|Any CPU
		{77ECEC62-38D3-46F9-947C-57F5994836B4}.Debug|Any CPU.ActiveCfg = Debug|Any CPU
		{77ECEC62-38D3-46F9-947C-57F5994836B4}.Debug|Any CPU.Build.0 = Debug|Any CPU
		{77ECEC62-38D3-46F9-947C-57F5994836B4}.Release|Any CPU.ActiveCfg = Release|Any CPU
		{77ECEC62-38D3-46F9-947C-57F5994836B4}.Release|Any CPU.Build.0 = Release|Any CPU
		{315A73B8-FB66-4992-808A-A8278EFC7A9B}.Debug|Any CPU.ActiveCfg = Debug|Any CPU
		{315A73B8-FB66-4992-808A-A8278EFC7A9B}.Debug|Any CPU.Build.0 = Debug|Any CPU
		{315A73B8-FB66-4992-808A-A8278EFC7A9B}.Release|Any CPU.ActiveCfg = Release|Any CPU
		{315A73B8-FB66-4992-808A-A8278EFC7A9B}.Release|Any CPU.Build.0 = Release|Any CPU
		{787326ED-A646-43DF-84EB-FFCBB9E33729}.Debug|Any CPU.ActiveCfg = Debug|Any CPU
		{787326ED-A646-43DF-84EB-FFCBB9E33729}.Debug|Any CPU.Build.0 = Debug|Any CPU
		{787326ED-A646-43DF-84EB-FFCBB9E33729}.Release|Any CPU.ActiveCfg = Release|Any CPU
		{787326ED-A646-43DF-84EB-FFCBB9E33729}.Release|Any CPU.Build.0 = Release|Any CPU
	EndGlobalSection
EndGlobal
